<?xml version="1.0" encoding="utf-8"?>
<Project ToolsVersion="4.0" xmlns="http://schemas.microsoft.com/developer/msbuild/2003">
  <ItemGroup>
    <Filter Include="源文件">
      <UniqueIdentifier>{4FC737F1-C7A5-4376-A066-2A32D752A2FF}</UniqueIdentifier>
      <Extensions>cpp;c;cc;cxx;def;odl;idl;hpj;bat;asm;asmx</Extensions>
    </Filter>
    <Filter Include="头文件">
      <UniqueIdentifier>{93995380-89BD-4b04-88EB-625FBE52EBFB}</UniqueIdentifier>
      <Extensions>h;hh;hpp;hxx;hm;inl;inc;xsd</Extensions>
    </Filter>
    <Filter Include="资源文件">
      <UniqueIdentifier>{67DA6AB6-F800-4c08-8B7A-83BB121AAD01}</UniqueIdentifier>
      <Extensions>rc;ico;cur;bmp;dlg;rc2;rct;bin;rgs;gif;jpg;jpeg;jpe;resx;tiff;tif;png;wav;mfcribbon-ms</Extensions>
    </Filter>
  </ItemGroup>
  <ItemGroup>
    <ClCompile Include="main.cpp">
      <Filter>源文件</Filter>
    </ClCompile>
    <ClCompile Include="stdafx.cpp">
      <Filter>源文件</Filter>
    </ClCompile>
    <ClCompile Include="AnimationEffect.cpp">
      <Filter>源文件</Filter>
    </ClCompile>
    <ClCompile Include="Character.cpp">
      <Filter>源文件</Filter>
    </ClCompile>
    <ClCompile Include="CharacterState.cpp">
      <Filter>源文件</Filter>
    </ClCompile>
    <ClCompile Include="Dungeon.cpp">
      <Filter>源文件</Filter>
    </ClCompile>
    <ClCompile Include="Game.cpp">
      <Filter>源文件</Filter>
    </ClCompile>
    <ClCompile Include="Monster.cpp">
      <Filter>源文件</Filter>
    </ClCompile>
    <ClCompile Include="ObjectBase.cpp">
      <Filter>源文件</Filter>
    </ClCompile>
    <ClCompile Include="OtherObject.cpp">
      <Filter>源文件</Filter>
    </ClCompile>
    <ClCompile Include="RollandStage.cpp">
      <Filter>源文件</Filter>
    </ClCompile>
    <ClCompile Include="Stage.cpp">
      <Filter>源文件</Filter>
    </ClCompile>
    <ClCompile Include="Monster_Goblin.cpp">
      <Filter>源文件</Filter>
    </ClCompile>
    <ClCompile Include="Monster_State.cpp">
      <Filter>源文件</Filter>
    </ClCompile>
    <ClCompile Include="Monster_BossGoblin.cpp">
      <Filter>源文件</Filter>
    </ClCompile>
    <ClCompile Include="Hud.cpp">
      <Filter>源文件</Filter>
    </ClCompile>
    <ClCompile Include="Monster_Goblin_State.cpp">
      <Filter>源文件</Filter>
    </ClCompile>
    <ClCompile Include="Monster_Tau.cpp">
      <Filter>源文件</Filter>
    </ClCompile>
    <ClCompile Include="Monster_Tau_State.cpp">
      <Filter>源文件</Filter>
    </ClCompile>
    <ClCompile Include="Monster_BossGoblin_State.cpp">
      <Filter>源文件</Filter>
    </ClCompile>
    <ClCompile Include="Dungeon_Rolland.cpp">
      <Filter>源文件</Filter>
    </ClCompile>
    <ClCompile Include="Dungeon_SelectDungeon.cpp">
      <Filter>源文件</Filter>
    </ClCompile>
    <ClCompile Include="Dungeon_Home.cpp">
      <Filter>源文件</Filter>
    </ClCompile>
    <ClCompile Include="Dungeon_RollandDeep.cpp">
      <Filter>源文件</Filter>
    </ClCompile>
    <ClCompile Include="RollandDeepStage.cpp">
      <Filter>源文件</Filter>
    </ClCompile>
  </ItemGroup>
  <ItemGroup>
    <ClInclude Include="stdafx.h">
      <Filter>头文件</Filter>
    </ClInclude>
    <ClInclude Include="targetver.h">
      <Filter>头文件</Filter>
    </ClInclude>
    <ClInclude Include="AnimationEffect.h">
      <Filter>头文件</Filter>
    </ClInclude>
    <ClInclude Include="Character.h">
      <Filter>头文件</Filter>
    </ClInclude>
    <ClInclude Include="CharacterState.h">
      <Filter>头文件</Filter>
    </ClInclude>
    <ClInclude Include="Dungeon.h">
      <Filter>头文件</Filter>
    </ClInclude>
    <ClInclude Include="Game.h">
      <Filter>头文件</Filter>
    </ClInclude>
    <ClInclude Include="Monster.h">
      <Filter>头文件</Filter>
    </ClInclude>
    <ClInclude Include="Monster_Goblin.h">
      <Filter>头文件</Filter>
    </ClInclude>
    <ClInclude Include="ObjectBase.h">
      <Filter>头文件</Filter>
    </ClInclude>
    <ClInclude Include="OtherObject.h">
      <Filter>头文件</Filter>
    </ClInclude>
    <ClInclude Include="RollandStage.h">
      <Filter>头文件</Filter>
    </ClInclude>
    <ClInclude Include="Stage.h">
      <Filter>头文件</Filter>
    </ClInclude>
    <ClInclude Include="Monster_State.h">
      <Filter>头文件</Filter>
    </ClInclude>
    <ClInclude Include="Monster_BossGoblin.h">
      <Filter>头文件</Filter>
    </ClInclude>
    <ClInclude Include="Hud.h">
      <Filter>头文件</Filter>
    </ClInclude>
    <ClInclude Include="Monster_Goblin_State.h">
      <Filter>头文件</Filter>
    </ClInclude>
    <ClInclude Include="Monster_Tau.h">
      <Filter>头文件</Filter>
    </ClInclude>
    <ClInclude Include="Monster_Tau_State.h">
      <Filter>头文件</Filter>
    </ClInclude>
    <ClInclude Include="Monster_BossGoblin_State.h">
      <Filter>头文件</Filter>
    </ClInclude>
    <ClInclude Include="Dungeon_Rolland.h">
      <Filter>头文件</Filter>
    </ClInclude>
    <ClInclude Include="Dungeon_SelectDungeon.h">
      <Filter>头文件</Filter>
    </ClInclude>
    <ClInclude Include="Dungeon_Home.h">
      <Filter>头文件</Filter>
    </ClInclude>
    <ClInclude Include="Dungeon_RollandDeep.h">
      <Filter>头文件</Filter>
    </ClInclude>
    <ClInclude Include="RollandDeepStage.h">
      <Filter>头文件</Filter>
    </ClInclude>
  </ItemGroup>
</Project>